
Microsoft Visual Studio Solution File, Format Version 12.00
# Visual Studio Version 17
VisualStudioVersion = 17.14.36109.1 d17.14
MinimumVisualStudioVersion = 10.0.40219.1
Project("{FAE04EC0-301F-11D3-BF4B-00C04F79EFBC}") = "BookCatalog", "BookCatalog.csproj", "{2C7B19AA-6896-433B-96F5-45279B513FB6}"
EndProject
Global
	GlobalSection(SolutionConfigurationPlatforms) = preSolution
		Debug|Any CPU = Debug|Any CPU
		Release|Any CPU = Release|Any CPU
	EndGlobalSection
	GlobalSection(ProjectConfigurationPlatforms) = postSolution
		{2C7B19AA-6896-433B-96F5-45279B513FB6}.Debug|Any CPU.ActiveCfg = Debug|Any CPU
		{2C7B19AA-6896-433B-96F5-45279B513FB6}.Debug|Any CPU.Build.0 = Debug|Any CPU
		{2C7B19AA-6896-433B-96F5-45279B513FB6}.Release|Any CPU.ActiveCfg = Release|Any CPU
		{2C7B19AA-6896-433B-96F5-45279B513FB6}.Release|Any CPU.Build.0 = Release|Any CPU
	EndGlobalSection
	GlobalSection(SolutionProperties) = preSolution
		HideSolutionNode = FALSE
	EndGlobalSection
	GlobalSection(ExtensibilityGlobals) = postSolution
		SolutionGuid = {B9AC547F-3C7C-436C-B3A4-D6EC20A93CD7}
	EndGlobalSection
EndGlobal
